
Microsoft Visual Studio Solution File, Format Version 12.00
# Visual Studio Version 17
VisualStudioVersion = 17.14.36429.23 d17.14
MinimumVisualStudioVersion = 10.0.40219.1
Project("{FAE04EC0-301F-11D3-BF4B-00C04F79EFBC}") = "WebApplication1", "WebApplication1\WebApplication1.csproj", "{C9067050-458E-46FB-865E-C0FCD54C95E3}"
EndProject
Global
	GlobalSection(SolutionConfigurationPlatforms) = preSolution
		Debug|Any CPU = Debug|Any CPU
		Release|Any CPU = Release|Any CPU
	EndGlobalSection
	GlobalSection(ProjectConfigurationPlatforms) = postSolution
		{C9067050-458E-46FB-865E-C0FCD54C95E3}.Debug|Any CPU.ActiveCfg = Debug|Any CPU
		{C9067050-458E-46FB-865E-C0FCD54C95E3}.Debug|Any CPU.Build.0 = Debug|Any CPU
		{C9067050-458E-46FB-865E-C0FCD54C95E3}.Release|Any CPU.ActiveCfg = Release|Any CPU
		{C9067050-458E-46FB-865E-C0FCD54C95E3}.Release|Any CPU.Build.0 = Release|Any CPU
	EndGlobalSection
	GlobalSection(SolutionProperties) = preSolution
		HideSolutionNode = FALSE
	EndGlobalSection
	GlobalSection(ExtensibilityGlobals) = postSolution
		SolutionGuid = {23D161CA-8FCE-4F37-842B-724C07B9B133}
	EndGlobalSection
EndGlobal
